
Microsoft Visual Studio Solution File, Format Version 12.00
# Visual Studio Version 17
VisualStudioVersion = 17.12.35527.113
MinimumVisualStudioVersion = 10.0.40219.1
Project("{FAE04EC0-301F-11D3-BF4B-00C04F79EFBC}") = "AvaloniaSandbox", "AvaloniaSandbox\AvaloniaSandbox.csproj", "{92F30FC7-F1F7-4458-8221-E6B42882C1AD}"
EndProject
Project("{FAE04EC0-301F-11D3-BF4B-00C04F79EFBC}") = "CustomControls", "CustomControls\CustomControls.csproj", "{5756B0E5-D8F8-428D-A680-66EF2AA8DBD3}"
EndProject
Global
	GlobalSection(SolutionConfigurationPlatforms) = preSolution
		Debug|Any CPU = Debug|Any CPU
		Release|Any CPU = Release|Any CPU
	EndGlobalSection
	GlobalSection(ProjectConfigurationPlatforms) = postSolution
		{92F30FC7-F1F7-4458-8221-E6B42882C1AD}.Debug|Any CPU.ActiveCfg = Debug|Any CPU
		{92F30FC7-F1F7-4458-8221-E6B42882C1AD}.Debug|Any CPU.Build.0 = Debug|Any CPU
		{92F30FC7-F1F7-4458-8221-E6B42882C1AD}.Release|Any CPU.ActiveCfg = Release|Any CPU
		{92F30FC7-F1F7-4458-8221-E6B42882C1AD}.Release|Any CPU.Build.0 = Release|Any CPU
		{5756B0E5-D8F8-428D-A680-66EF2AA8DBD3}.Debug|Any CPU.ActiveCfg = Debug|Any CPU
		{5756B0E5-D8F8-428D-A680-66EF2AA8DBD3}.Debug|Any CPU.Build.0 = Debug|Any CPU
		{5756B0E5-D8F8-428D-A680-66EF2AA8DBD3}.Release|Any CPU.ActiveCfg = Release|Any CPU
		{5756B0E5-D8F8-428D-A680-66EF2AA8DBD3}.Release|Any CPU.Build.0 = Release|Any CPU
	EndGlobalSection
	GlobalSection(SolutionProperties) = preSolution
		HideSolutionNode = FALSE
	EndGlobalSection
EndGlobal
